
Microsoft Visual Studio Solution File, Format Version 12.00
# Visual Studio Version 16
VisualStudioVersion = 16.0.32228.343
MinimumVisualStudioVersion = 10.0.40219.1
Project("{FAE04EC0-301F-11D3-BF4B-00C04F79EFBC}") = "TaskOne", "TaskOne\TaskOne.csproj", "{D2A9F521-4130-46E3-94AF-81D7368549D3}"
EndProject
Global
	GlobalSection(SolutionConfigurationPlatforms) = preSolution
		Debug|Any CPU = Debug|Any CPU
		Release|Any CPU = Release|Any CPU
	EndGlobalSection
	GlobalSection(ProjectConfigurationPlatforms) = postSolution
		{D2A9F521-4130-46E3-94AF-81D7368549D3}.Debug|Any CPU.ActiveCfg = Debug|Any CPU
		{D2A9F521-4130-46E3-94AF-81D7368549D3}.Debug|Any CPU.Build.0 = Debug|Any CPU
		{D2A9F521-4130-46E3-94AF-81D7368549D3}.Release|Any CPU.ActiveCfg = Release|Any CPU
		{D2A9F521-4130-46E3-94AF-81D7368549D3}.Release|Any CPU.Build.0 = Release|Any CPU
	EndGlobalSection
	GlobalSection(SolutionProperties) = preSolution
		HideSolutionNode = FALSE
	EndGlobalSection
	GlobalSection(ExtensibilityGlobals) = postSolution
		SolutionGuid = {B89D6A82-2B13-4C46-96EC-985F20A4E0EF}
	EndGlobalSection
EndGlobal
